
Microsoft Visual Studio Solution File, Format Version 12.00
# Visual Studio 2012
Project("{8BC9CEB8-8B4A-11D0-8D11-00A0C91BC942}") = "zoey", "src\client\zoey\zoey.vcxproj", "{1F1007CD-AC55-4862-AFD6-27304F0BA1CC}"
EndProject
Global
	GlobalSection(SolutionConfigurationPlatforms) = preSolution
		Debug|Win32 = Debug|Win32
		Release|Win32 = Release|Win32
	EndGlobalSection
	GlobalSection(ProjectConfigurationPlatforms) = postSolution
		{1F1007CD-AC55-4862-AFD6-27304F0BA1CC}.Debug|Win32.ActiveCfg = Debug|Win32
		{1F1007CD-AC55-4862-AFD6-27304F0BA1CC}.Debug|Win32.Build.0 = Debug|Win32
		{1F1007CD-AC55-4862-AFD6-27304F0BA1CC}.Release|Win32.ActiveCfg = Release|Win32
		{1F1007CD-AC55-4862-AFD6-27304F0BA1CC}.Release|Win32.Build.0 = Release|Win32
	EndGlobalSection
	GlobalSection(SolutionProperties) = preSolution
		HideSolutionNode = FALSE
	EndGlobalSection
EndGlobal
